// !$*UTF8*$!
{
	archiveVersion = 1;
	classes = {
	};
	objectVersion = 50;
	objects = {

/* Begin PBXBuildFile section */
		C3C256C02182C6DB00BC4B14 /* main.cpp in Sources */ = {isa = PBXBuildFile; fileRef = C3C256BE2182C6DA00BC4B14 /* main.cpp */; };
		C3C256C12182C6DB00BC4B14 /* Makefile in Sources */ = {isa = PBXBuildFile; fileRef = C3C256BF2182C6DB00BC4B14 /* Makefile */; };
		C3C256C82182CA1800BC4B14 /* libGLEW.2.1.0.dylib in Frameworks */ = {isa = PBXBuildFile; fileRef = C3C256C72182CA1800BC4B14 /* libGLEW.2.1.0.dylib */; };
		C3C256CA2182CA2600BC4B14 /* libglfw.3.2.dylib in Frameworks */ = {isa = PBXBuildFile; fileRef = C3C256C92182CA2600BC4B14 /* libglfw.3.2.dylib */; };
		C3C256CB2182CF8E00BC4B14 /* OpenGL.framework in Frameworks */ = {isa = PBXBuildFile; fileRef = C3C256C32182C71C00BC4B14 /* OpenGL.framework */; };
/* End PBXBuildFile section */

/* Begin PBXCopyFilesBuildPhase section */
		C3C256AE2182C6A600BC4B14 /* CopyFiles */ = {
			isa = PBXCopyFilesBuildPhase;
			buildActionMask = 2147483647;
			dstPath = /usr/share/man/man1/;
			dstSubfolderSpec = 0;
			files = (
			);
			runOnlyForDeploymentPostprocessing = 1;
		};
/* End PBXCopyFilesBuildPhase section */

/* Begin PBXFileReference section */
		C3C256B02182C6A600BC4B14 /* GlobalIllumination */ = {isa = PBXFileReference; explicitFileType = "compiled.mach-o.executable"; includeInIndex = 0; path = GlobalIllumination; sourceTree = BUILT_PRODUCTS_DIR; };
		C3C256BA2182C6DA00BC4B14 /* phong.vs */ = {isa = PBXFileReference; explicitFileType = sourcecode.glsl; fileEncoding = 4; path = phong.vs; sourceTree = "<group>"; };
		C3C256BB2182C6DA00BC4B14 /* Shader.h */ = {isa = PBXFileReference; fileEncoding = 4; lastKnownFileType = sourcecode.c.h; path = Shader.h; sourceTree = "<group>"; };
		C3C256BC2182C6DA00BC4B14 /* phong.frag */ = {isa = PBXFileReference; fileEncoding = 4; lastKnownFileType = sourcecode.glsl; path = phong.frag; sourceTree = "<group>"; };
		C3C256BD2182C6DA00BC4B14 /* Camera.h */ = {isa = PBXFileReference; fileEncoding = 4; lastKnownFileType = sourcecode.c.h; path = Camera.h; sourceTree = "<group>"; };
		C3C256BE2182C6DA00BC4B14 /* main.cpp */ = {isa = PBXFileReference; fileEncoding = 4; lastKnownFileType = sourcecode.cpp.cpp; path = main.cpp; sourceTree = "<group>"; };
		C3C256BF2182C6DB00BC4B14 /* Makefile */ = {isa = PBXFileReference; fileEncoding = 4; lastKnownFileType = sourcecode.make; path = Makefile; sourceTree = "<group>"; };
		C3C256C32182C71C00BC4B14 /* OpenGL.framework */ = {isa = PBXFileReference; lastKnownFileType = wrapper.framework; name = OpenGL.framework; path = System/Library/Frameworks/OpenGL.framework; sourceTree = SDKROOT; };
		C3C256C52182C71F00BC4B14 /* GLUT.framework */ = {isa = PBXFileReference; lastKnownFileType = wrapper.framework; name = GLUT.framework; path = System/Library/Frameworks/GLUT.framework; sourceTree = SDKROOT; };
		C3C256C72182CA1800BC4B14 /* libGLEW.2.1.0.dylib */ = {isa = PBXFileReference; lastKnownFileType = "compiled.mach-o.dylib"; name = libGLEW.2.1.0.dylib; path = ../../../../../../../../../../usr/local/Cellar/glew/2.1.0/lib/libGLEW.2.1.0.dylib; sourceTree = "<group>"; };
		C3C256C92182CA2600BC4B14 /* libglfw.3.2.dylib */ = {isa = PBXFileReference; lastKnownFileType = "compiled.mach-o.dylib"; name = libglfw.3.2.dylib; path = ../../../../../../../../../../usr/local/Cellar/glfw/3.2.1/lib/libglfw.3.2.dylib; sourceTree = "<group>"; };
/* End PBXFileReference section */

/* Begin PBXFrameworksBuildPhase section */
		C3C256AD2182C6A600BC4B14 /* Frameworks */ = {
			isa = PBXFrameworksBuildPhase;
			buildActionMask = 2147483647;
			files = (
				C3C256CB2182CF8E00BC4B14 /* OpenGL.framework in Frameworks */,
				C3C256CA2182CA2600BC4B14 /* libglfw.3.2.dylib in Frameworks */,
				C3C256C82182CA1800BC4B14 /* libGLEW.2.1.0.dylib in Frameworks */,
			);
			runOnlyForDeploymentPostprocessing = 0;
		};
/* End PBXFrameworksBuildPhase section */

/* Begin PBXGroup section */
		C3C256A72182C6A600BC4B14 = {
			isa = PBXGroup;
			children = (
				C3C256B22182C6A600BC4B14 /* GlobalIllumination */,
				C3C256B12182C6A600BC4B14 /* Products */,
				C3C256C22182C71C00BC4B14 /* Frameworks */,
			);
			sourceTree = "<group>";
		};
		C3C256B12182C6A600BC4B14 /* Products */ = {
			isa = PBXGroup;
			children = (
				C3C256B02182C6A600BC4B14 /* GlobalIllumination */,
			);
			name = Products;
			sourceTree = "<group>";
		};
		C3C256B22182C6A600BC4B14 /* GlobalIllumination */ = {
			isa = PBXGroup;
			children = (
				C3C256BD2182C6DA00BC4B14 /* Camera.h */,
				C3C256BE2182C6DA00BC4B14 /* main.cpp */,
				C3C256BF2182C6DB00BC4B14 /* Makefile */,
				C3C256BC2182C6DA00BC4B14 /* phong.frag */,
				C3C256BA2182C6DA00BC4B14 /* phong.vs */,
				C3C256BB2182C6DA00BC4B14 /* Shader.h */,
			);
			path = GlobalIllumination;
			sourceTree = "<group>";
		};
		C3C256C22182C71C00BC4B14 /* Frameworks */ = {
			isa = PBXGroup;
			children = (
				C3C256C92182CA2600BC4B14 /* libglfw.3.2.dylib */,
				C3C256C72182CA1800BC4B14 /* libGLEW.2.1.0.dylib */,
				C3C256C52182C71F00BC4B14 /* GLUT.framework */,
				C3C256C32182C71C00BC4B14 /* OpenGL.framework */,
			);
			name = Frameworks;
			sourceTree = "<group>";
		};
/* End PBXGroup section */

/* Begin PBXNativeTarget section */
		C3C256AF2182C6A600BC4B14 /* GlobalIllumination */ = {
			isa = PBXNativeTarget;
			buildConfigurationList = C3C256B72182C6A600BC4B14 /* Build configuration list for PBXNativeTarget "GlobalIllumination" */;
			buildPhases = (
				C3C256AC2182C6A600BC4B14 /* Sources */,
				C3C256AD2182C6A600BC4B14 /* Frameworks */,
				C3C256AE2182C6A600BC4B14 /* CopyFiles */,
			);
			buildRules = (
			);
			dependencies = (
			);
			name = GlobalIllumination;
			productName = HW3;
			productReference = C3C256B02182C6A600BC4B14 /* GlobalIllumination */;
			productType = "com.apple.product-type.tool";
		};
/* End PBXNativeTarget section */

/* Begin PBXProject section */
		C3C256A82182C6A600BC4B14 /* Project object */ = {
			isa = PBXProject;
			attributes = {
				LastUpgradeCheck = 0940;
				ORGANIZATIONNAME = "Nientai Ho";
				TargetAttributes = {
					C3C256AF2182C6A600BC4B14 = {
						CreatedOnToolsVersion = 9.4.1;
					};
				};
			};
			buildConfigurationList = C3C256AB2182C6A600BC4B14 /* Build configuration list for PBXProject "GlobalIllumination" */;
			compatibilityVersion = "Xcode 9.3";
			developmentRegion = en;
			hasScannedForEncodings = 0;
			knownRegions = (
				en,
			);
			mainGroup = C3C256A72182C6A600BC4B14;
			productRefGroup = C3C256B12182C6A600BC4B14 /* Products */;
			projectDirPath = "";
			projectRoot = "";
			targets = (
				C3C256AF2182C6A600BC4B14 /* GlobalIllumination */,
			);
		};
/* End PBXProject section */

/* Begin PBXSourcesBuildPhase section */
		C3C256AC2182C6A600BC4B14 /* Sources */ = {
			isa = PBXSourcesBuildPhase;
			buildActionMask = 2147483647;
			files = (
				C3C256C12182C6DB00BC4B14 /* Makefile in Sources */,
				C3C256C02182C6DB00BC4B14 /* main.cpp in Sources */,
			);
			runOnlyForDeploymentPostprocessing = 0;
		};
/* End PBXSourcesBuildPhase section */

/* Begin XCBuildConfiguration section */
		C3C256B52182C6A600BC4B14 /* Debug */ = {
			isa = XCBuildConfiguration;
			buildSettings = {
				ALWAYS_SEARCH_USER_PATHS = NO;
				CLANG_ANALYZER_NONNULL = YES;
				CLANG_ANALYZER_NUMBER_OBJECT_CONVERSION = YES_AGGRESSIVE;
				CLANG_CXX_LANGUAGE_STANDARD = "gnu++14";
				CLANG_CXX_LIBRARY = "libc++";
				CLANG_ENABLE_MODULES = YES;
				CLANG_ENABLE_OBJC_ARC = YES;
				CLANG_ENABLE_OBJC_WEAK = YES;
				CLANG_WARN_BLOCK_CAPTURE_AUTORELEASING = YES;
				CLANG_WARN_BOOL_CONVERSION = YES;
				CLANG_WARN_COMMA = YES;
				CLANG_WARN_CONSTANT_CONVERSION = YES;
				CLANG_WARN_DEPRECATED_OBJC_IMPLEMENTATIONS = YES;
				CLANG_WARN_DIRECT_OBJC_ISA_USAGE = YES_ERROR;
				CLANG_WARN_DOCUMENTATION_COMMENTS = YES;
				CLANG_WARN_EMPTY_BODY = YES;
				CLANG_WARN_ENUM_CONVERSION = YES;
				CLANG_WARN_INFINITE_RECURSION = YES;
				CLANG_WARN_INT_CONVERSION = YES;
				CLANG_WARN_NON_LITERAL_NULL_CONVERSION = YES;
				CLANG_WARN_OBJC_IMPLICIT_RETAIN_SELF = YES;
				CLANG_WARN_OBJC_LITERAL_CONVERSION = YES;
				CLANG_WARN_OBJC_ROOT_CLASS = YES_ERROR;
				CLANG_WARN_RANGE_LOOP_ANALYSIS = YES;
				CLANG_WARN_STRICT_PROTOTYPES = YES;
				CLANG_WARN_SUSPICIOUS_MOVE = YES;
				CLANG_WARN_UNGUARDED_AVAILABILITY = YES_AGGRESSIVE;
				CLANG_WARN_UNREACHABLE_CODE = YES;
				CLANG_WARN__DUPLICATE_METHOD_MATCH = YES;
				CODE_SIGN_IDENTITY = "Mac Developer";
				COPY_PHASE_STRIP = NO;
				DEBUG_INFORMATION_FORMAT = dwarf;
				ENABLE_STRICT_OBJC_MSGSEND = YES;
				ENABLE_TESTABILITY = YES;
				GCC_C_LANGUAGE_STANDARD = gnu11;
				GCC_DYNAMIC_NO_PIC = NO;
				GCC_NO_COMMON_BLOCKS = YES;
				GCC_OPTIMIZATION_LEVEL = 0;
				GCC_PREPROCESSOR_DEFINITIONS = (
					"DEBUG=1",
					"$(inherited)",
				);
				GCC_WARN_64_TO_32_BIT_CONVERSION = YES;
				GCC_WARN_ABOUT_RETURN_TYPE = YES_ERROR;
				GCC_WARN_UNDECLARED_SELECTOR = YES;
				GCC_WARN_UNINITIALIZED_AUTOS = YES_AGGRESSIVE;
				GCC_WARN_UNUSED_FUNCTION = YES;
				GCC_WARN_UNUSED_VARIABLE = YES;
				MACOSX_DEPLOYMENT_TARGET = 10.14;
				MTL_ENABLE_DEBUG_INFO = YES;
				ONLY_ACTIVE_ARCH = YES;
				SDKROOT = macosx;
			};
			name = Debug;
		};
		C3C256B62182C6A600BC4B14 /* Release */ = {
			isa = XCBuildConfiguration;
			buildSettings = {
				ALWAYS_SEARCH_USER_PATHS = NO;
				CLANG_ANALYZER_NONNULL = YES;
				CLANG_ANALYZER_NUMBER_OBJECT_CONVERSION = YES_AGGRESSIVE;
				CLANG_CXX_LANGUAGE_STANDARD = "gnu++14";
				CLANG_CXX_LIBRARY = "libc++";
				CLANG_ENABLE_MODULES = YES;
				CLANG_ENABLE_OBJC_ARC = YES;
				CLANG_ENABLE_OBJC_WEAK = YES;
				CLANG_WARN_BLOCK_CAPTURE_AUTORELEASING = YES;
				CLANG_WARN_BOOL_CONVERSION = YES;
				CLANG_WARN_COMMA = YES;
				CLANG_WARN_CONSTANT_CONVERSION = YES;
				CLANG_WARN_DEPRECATED_OBJC_IMPLEMENTATIONS = YES;
				CLANG_WARN_DIRECT_OBJC_ISA_USAGE = YES_ERROR;
				CLANG_WARN_DOCUMENTATION_COMMENTS = YES;
				CLANG_WARN_EMPTY_BODY = YES;
				CLANG_WARN_ENUM_CONVERSION = YES;
				CLANG_WARN_INFINITE_RECURSION = YES;
				CLANG_WARN_INT_CONVERSION = YES;
				CLANG_WARN_NON_LITERAL_NULL_CONVERSION = YES;
				CLANG_WARN_OBJC_IMPLICIT_RETAIN_SELF = YES;
				CLANG_WARN_OBJC_LITERAL_CONVERSION = YES;
				CLANG_WARN_OBJC_ROOT_CLASS = YES_ERROR;
				CLANG_WARN_RANGE_LOOP_ANALYSIS = YES;
				CLANG_WARN_STRICT_PROTOTYPES = YES;
				CLANG_WARN_SUSPICIOUS_MOVE = YES;
				CLANG_WARN_UNGUARDED_AVAILABILITY = YES_AGGRESSIVE;
				CLANG_WARN_UNREACHABLE_CODE = YES;
				CLANG_WARN__DUPLICATE_METHOD_MATCH = YES;
				CODE_SIGN_IDENTITY = "Mac Developer";
				COPY_PHASE_STRIP = NO;
				DEBUG_INFORMATION_FORMAT = "dwarf-with-dsym";
				ENABLE_NS_ASSERTIONS = NO;
				ENABLE_STRICT_OBJC_MSGSEND = YES;
				GCC_C_LANGUAGE_STANDARD = gnu11;
				GCC_NO_COMMON_BLOCKS = YES;
				GCC_WARN_64_TO_32_BIT_CONVERSION = YES;
				GCC_WARN_ABOUT_RETURN_TYPE = YES_ERROR;
				GCC_WARN_UNDECLARED_SELECTOR = YES;
				GCC_WARN_UNINITIALIZED_AUTOS = YES_AGGRESSIVE;
				GCC_WARN_UNUSED_FUNCTION = YES;
				GCC_WARN_UNUSED_VARIABLE = YES;
				MACOSX_DEPLOYMENT_TARGET = 10.14;
				MTL_ENABLE_DEBUG_INFO = NO;
				SDKROOT = macosx;
			};
			name = Release;
		};
		C3C256B82182C6A600BC4B14 /* Debug */ = {
			isa = XCBuildConfiguration;
			buildSettings = {
				CODE_SIGN_STYLE = Automatic;
				DEVELOPMENT_TEAM = JGVA233E7G;
				HEADER_SEARCH_PATHS = (
					$glew_header,
					$glfw_header,
					$glm_header,
				);
				LIBRARY_SEARCH_PATHS = (
					$glew_lib,
					$glfw_lib,
					$glm_lib,
					/usr/local/Cellar/glew/2.1.0/lib,
					/usr/local/Cellar/glfw/3.2.1/lib,
				);
				PRODUCT_NAME = "$(TARGET_NAME)";
				VERSIONING_SYSTEM = "";
			};
			name = Debug;
		};
		C3C256B92182C6A600BC4B14 /* Release */ = {
			isa = XCBuildConfiguration;
			buildSettings = {
				CODE_SIGN_STYLE = Automatic;
				DEVELOPMENT_TEAM = JGVA233E7G;
				HEADER_SEARCH_PATHS = (
					$glew_header,
					$glfw_header,
					$glm_header,
				);
				LIBRARY_SEARCH_PATHS = (
					$glew_lib,
					$glfw_lib,
					$glm_lib,
					/usr/local/Cellar/glew/2.1.0/lib,
					/usr/local/Cellar/glfw/3.2.1/lib,
				);
				PRODUCT_NAME = "$(TARGET_NAME)";
				VERSIONING_SYSTEM = "";
			};
			name = Release;
		};
/* End XCBuildConfiguration section */

/* Begin XCConfigurationList section */
		C3C256AB2182C6A600BC4B14 /* Build configuration list for PBXProject "GlobalIllumination" */ = {
			isa = XCConfigurationList;
			buildConfigurations = (
				C3C256B52182C6A600BC4B14 /* Debug */,
				C3C256B62182C6A600BC4B14 /* Release */,
			);
			defaultConfigurationIsVisible = 0;
			defaultConfigurationName = Release;
		};
		C3C256B72182C6A600BC4B14 /* Build configuration list for PBXNativeTarget "GlobalIllumination" */ = {
			isa = XCConfigurationList;
			buildConfigurations = (
				C3C256B82182C6A600BC4B14 /* Debug */,
				C3C256B92182C6A600BC4B14 /* Release */,
			);
			defaultConfigurationIsVisible = 0;
			defaultConfigurationName = Release;
		};
/* End XCConfigurationList section */
	};
	rootObject = C3C256A82182C6A600BC4B14 /* Project object */;
}
